// !$*UTF8*$!
{
	archiveVersion = 1;
	classes = {
	};
	objectVersion = 50;
	objects = {

/* Begin PBXBuildFile section */
		B5723884DC776495CFD24D56 /* Pods_Notas2.framework in Frameworks */ = {isa = PBXBuildFile; fileRef = 608C02E0965EAB1AEDB2676A /* Pods_Notas2.framework */; };
		CF8F49D02592539B00FA27E0 /* AppDelegate.swift in Sources */ = {isa = PBXBuildFile; fileRef = CF8F49CF2592539B00FA27E0 /* AppDelegate.swift */; };
		CF8F49D22592539B00FA27E0 /* SceneDelegate.swift in Sources */ = {isa = PBXBuildFile; fileRef = CF8F49D12592539B00FA27E0 /* SceneDelegate.swift */; };
		CF8F49D72592539B00FA27E0 /* Main.storyboard in Resources */ = {isa = PBXBuildFile; fileRef = CF8F49D52592539B00FA27E0 /* Main.storyboard */; };
		CF8F49DA2592539B00FA27E0 /* Notas2.xcdatamodeld in Sources */ = {isa = PBXBuildFile; fileRef = CF8F49D82592539B00FA27E0 /* Notas2.xcdatamodeld */; };
		CF8F49DC2592539E00FA27E0 /* Assets.xcassets in Resources */ = {isa = PBXBuildFile; fileRef = CF8F49DB2592539E00FA27E0 /* Assets.xcassets */; };
		CF8F49DF2592539E00FA27E0 /* LaunchScreen.storyboard in Resources */ = {isa = PBXBuildFile; fileRef = CF8F49DD2592539E00FA27E0 /* LaunchScreen.storyboard */; };
		CF8F49EB259253D600FA27E0 /* Home.swift in Sources */ = {isa = PBXBuildFile; fileRef = CF8F49EA259253D600FA27E0 /* Home.swift */; };
		CF8F49EE259253E700FA27E0 /* addView.swift in Sources */ = {isa = PBXBuildFile; fileRef = CF8F49ED259253E700FA27E0 /* addView.swift */; };
		CF8F49F1259253FA00FA27E0 /* Modelo.swift in Sources */ = {isa = PBXBuildFile; fileRef = CF8F49F0259253FA00FA27E0 /* Modelo.swift */; };
/* End PBXBuildFile section */

/* Begin PBXFileReference section */
		608C02E0965EAB1AEDB2676A /* Pods_Notas2.framework */ = {isa = PBXFileReference; explicitFileType = wrapper.framework; includeInIndex = 0; path = Pods_Notas2.framework; sourceTree = BUILT_PRODUCTS_DIR; };
		7DA086C37C0CF9131ACD8E68 /* Pods-Notas2.debug.xcconfig */ = {isa = PBXFileReference; includeInIndex = 1; lastKnownFileType = text.xcconfig; name = "Pods-Notas2.debug.xcconfig"; path = "Target Support Files/Pods-Notas2/Pods-Notas2.debug.xcconfig"; sourceTree = "<group>"; };
		957C68E94ECA03AEAEF80C72 /* Pods-Notas2.release.xcconfig */ = {isa = PBXFileReference; includeInIndex = 1; lastKnownFileType = text.xcconfig; name = "Pods-Notas2.release.xcconfig"; path = "Target Support Files/Pods-Notas2/Pods-Notas2.release.xcconfig"; sourceTree = "<group>"; };
		CF8F49CC2592539B00FA27E0 /* Notas2.app */ = {isa = PBXFileReference; explicitFileType = wrapper.application; includeInIndex = 0; path = Notas2.app; sourceTree = BUILT_PRODUCTS_DIR; };
		CF8F49CF2592539B00FA27E0 /* AppDelegate.swift */ = {isa = PBXFileReference; lastKnownFileType = sourcecode.swift; path = AppDelegate.swift; sourceTree = "<group>"; };
		CF8F49D12592539B00FA27E0 /* SceneDelegate.swift */ = {isa = PBXFileReference; lastKnownFileType = sourcecode.swift; path = SceneDelegate.swift; sourceTree = "<group>"; };
		CF8F49D62592539B00FA27E0 /* Base */ = {isa = PBXFileReference; lastKnownFileType = file.storyboard; name = Base; path = Base.lproj/Main.storyboard; sourceTree = "<group>"; };
		CF8F49D92592539B00FA27E0 /* Notas2.xcdatamodel */ = {isa = PBXFileReference; lastKnownFileType = wrapper.xcdatamodel; path = Notas2.xcdatamodel; sourceTree = "<group>"; };
		CF8F49DB2592539E00FA27E0 /* Assets.xcassets */ = {isa = PBXFileReference; lastKnownFileType = folder.assetcatalog; path = Assets.xcassets; sourceTree = "<group>"; };
		CF8F49DE2592539E00FA27E0 /* Base */ = {isa = PBXFileReference; lastKnownFileType = file.storyboard; name = Base; path = Base.lproj/LaunchScreen.storyboard; sourceTree = "<group>"; };
		CF8F49E02592539E00FA27E0 /* Info.plist */ = {isa = PBXFileReference; lastKnownFileType = text.plist.xml; path = Info.plist; sourceTree = "<group>"; };
		CF8F49EA259253D600FA27E0 /* Home.swift */ = {isa = PBXFileReference; lastKnownFileType = sourcecode.swift; path = Home.swift; sourceTree = "<group>"; };
		CF8F49ED259253E700FA27E0 /* addView.swift */ = {isa = PBXFileReference; lastKnownFileType = sourcecode.swift; path = addView.swift; sourceTree = "<group>"; };
		CF8F49F0259253FA00FA27E0 /* Modelo.swift */ = {isa = PBXFileReference; lastKnownFileType = sourcecode.swift; path = Modelo.swift; sourceTree = "<group>"; };
/* End PBXFileReference section */

/* Begin PBXFrameworksBuildPhase section */
		CF8F49C92592539B00FA27E0 /* Frameworks */ = {
			isa = PBXFrameworksBuildPhase;
			buildActionMask = 2147483647;
			files = (
				B5723884DC776495CFD24D56 /* Pods_Notas2.framework in Frameworks */,
			);
			runOnlyForDeploymentPostprocessing = 0;
		};
/* End PBXFrameworksBuildPhase section */

/* Begin PBXGroup section */
		6BE753F427381471C1B34D2A /* Pods */ = {
			isa = PBXGroup;
			children = (
				7DA086C37C0CF9131ACD8E68 /* Pods-Notas2.debug.xcconfig */,
				957C68E94ECA03AEAEF80C72 /* Pods-Notas2.release.xcconfig */,
			);
			name = Pods;
			path = Pods;
			sourceTree = "<group>";
		};
		BF834A743EE2BEF531323E05 /* Frameworks */ = {
			isa = PBXGroup;
			children = (
				608C02E0965EAB1AEDB2676A /* Pods_Notas2.framework */,
			);
			name = Frameworks;
			sourceTree = "<group>";
		};
		CF8F49C32592539B00FA27E0 = {
			isa = PBXGroup;
			children = (
				CF8F49CE2592539B00FA27E0 /* Notas2 */,
				CF8F49CD2592539B00FA27E0 /* Products */,
				6BE753F427381471C1B34D2A /* Pods */,
				BF834A743EE2BEF531323E05 /* Frameworks */,
			);
			sourceTree = "<group>";
		};
		CF8F49CD2592539B00FA27E0 /* Products */ = {
			isa = PBXGroup;
			children = (
				CF8F49CC2592539B00FA27E0 /* Notas2.app */,
			);
			name = Products;
			sourceTree = "<group>";
		};
		CF8F49CE2592539B00FA27E0 /* Notas2 */ = {
			isa = PBXGroup;
			children = (
				CF8F49E8259253B900FA27E0 /* View */,
				CF8F49E7259253B100FA27E0 /* Modelo */,
				CF8F49CF2592539B00FA27E0 /* AppDelegate.swift */,
				CF8F49D12592539B00FA27E0 /* SceneDelegate.swift */,
				CF8F49D52592539B00FA27E0 /* Main.storyboard */,
				CF8F49DB2592539E00FA27E0 /* Assets.xcassets */,
				CF8F49DD2592539E00FA27E0 /* LaunchScreen.storyboard */,
				CF8F49E02592539E00FA27E0 /* Info.plist */,
				CF8F49D82592539B00FA27E0 /* Notas2.xcdatamodeld */,
			);
			path = Notas2;
			sourceTree = "<group>";
		};
		CF8F49E7259253B100FA27E0 /* Modelo */ = {
			isa = PBXGroup;
			children = (
				CF8F49F0259253FA00FA27E0 /* Modelo.swift */,
			);
			path = Modelo;
			sourceTree = "<group>";
		};
		CF8F49E8259253B900FA27E0 /* View */ = {
			isa = PBXGroup;
			children = (
				CF8F49EA259253D600FA27E0 /* Home.swift */,
				CF8F49ED259253E700FA27E0 /* addView.swift */,
			);
			path = View;
			sourceTree = "<group>";
		};
/* End PBXGroup section */

/* Begin PBXNativeTarget section */
		CF8F49CB2592539B00FA27E0 /* Notas2 */ = {
			isa = PBXNativeTarget;
			buildConfigurationList = CF8F49E32592539E00FA27E0 /* Build configuration list for PBXNativeTarget "Notas2" */;
			buildPhases = (
				247CB909A7B4AE171E7FFA9B /* [CP] Check Pods Manifest.lock */,
				CF8F49C82592539B00FA27E0 /* Sources */,
				CF8F49C92592539B00FA27E0 /* Frameworks */,
				CF8F49CA2592539B00FA27E0 /* Resources */,
				F61084E7237AE550DC83A676 /* [CP] Embed Pods Frameworks */,
			);
			buildRules = (
			);
			dependencies = (
			);
			name = Notas2;
			productName = Notas2;
			productReference = CF8F49CC2592539B00FA27E0 /* Notas2.app */;
			productType = "com.apple.product-type.application";
		};
/* End PBXNativeTarget section */

/* Begin PBXProject section */
		CF8F49C42592539B00FA27E0 /* Project object */ = {
			isa = PBXProject;
			attributes = {
				LastSwiftUpdateCheck = 1230;
				LastUpgradeCheck = 1230;
				TargetAttributes = {
					CF8F49CB2592539B00FA27E0 = {
						CreatedOnToolsVersion = 12.3;
					};
				};
			};
			buildConfigurationList = CF8F49C72592539B00FA27E0 /* Build configuration list for PBXProject "Notas2" */;
			compatibilityVersion = "Xcode 9.3";
			developmentRegion = en;
			hasScannedForEncodings = 0;
			knownRegions = (
				en,
				Base,
			);
			mainGroup = CF8F49C32592539B00FA27E0;
			productRefGroup = CF8F49CD2592539B00FA27E0 /* Products */;
			projectDirPath = "";
			projectRoot = "";
			targets = (
				CF8F49CB2592539B00FA27E0 /* Notas2 */,
			);
		};
/* End PBXProject section */

/* Begin PBXResourcesBuildPhase section */
		CF8F49CA2592539B00FA27E0 /* Resources */ = {
			isa = PBXResourcesBuildPhase;
			buildActionMask = 2147483647;
			files = (
				CF8F49DF2592539E00FA27E0 /* LaunchScreen.storyboard in Resources */,
				CF8F49DC2592539E00FA27E0 /* Assets.xcassets in Resources */,
				CF8F49D72592539B00FA27E0 /* Main.storyboard in Resources */,
			);
			runOnlyForDeploymentPostprocessing = 0;
		};
/* End PBXResourcesBuildPhase section */

/* Begin PBXShellScriptBuildPhase section */
		247CB909A7B4AE171E7FFA9B /* [CP] Check Pods Manifest.lock */ = {
			isa = PBXShellScriptBuildPhase;
			buildActionMask = 2147483647;
			files = (
			);
			inputFileListPaths = (
			);
			inputPaths = (
				"${PODS_PODFILE_DIR_PATH}/Podfile.lock",
				"${PODS_ROOT}/Manifest.lock",
			);
			name = "[CP] Check Pods Manifest.lock";
			outputFileListPaths = (
			);
			outputPaths = (
				"$(DERIVED_FILE_DIR)/Pods-Notas2-checkManifestLockResult.txt",
			);
			runOnlyForDeploymentPostprocessing = 0;
			shellPath = /bin/sh;
			shellScript = "diff \"${PODS_PODFILE_DIR_PATH}/Podfile.lock\" \"${PODS_ROOT}/Manifest.lock\" > /dev/null\nif [ $? != 0 ] ; then\n    # print error to STDERR\n    echo \"error: The sandbox is not in sync with the Podfile.lock. Run 'pod install' or update your CocoaPods installation.\" >&2\n    exit 1\nfi\n# This output is used by Xcode 'outputs' to avoid re-running this script phase.\necho \"SUCCESS\" > \"${SCRIPT_OUTPUT_FILE_0}\"\n";
			showEnvVarsInLog = 0;
		};
		F61084E7237AE550DC83A676 /* [CP] Embed Pods Frameworks */ = {
			isa = PBXShellScriptBuildPhase;
			buildActionMask = 2147483647;
			files = (
			);
			inputFileListPaths = (
				"${PODS_ROOT}/Target Support Files/Pods-Notas2/Pods-Notas2-frameworks-${CONFIGURATION}-input-files.xcfilelist",
			);
			name = "[CP] Embed Pods Frameworks";
			outputFileListPaths = (
				"${PODS_ROOT}/Target Support Files/Pods-Notas2/Pods-Notas2-frameworks-${CONFIGURATION}-output-files.xcfilelist",
			);
			runOnlyForDeploymentPostprocessing = 0;
			shellPath = /bin/sh;
			shellScript = "\"${PODS_ROOT}/Target Support Files/Pods-Notas2/Pods-Notas2-frameworks.sh\"\n";
			showEnvVarsInLog = 0;
		};
/* End PBXShellScriptBuildPhase section */

/* Begin PBXSourcesBuildPhase section */
		CF8F49C82592539B00FA27E0 /* Sources */ = {
			isa = PBXSourcesBuildPhase;
			buildActionMask = 2147483647;
			files = (
				CF8F49D02592539B00FA27E0 /* AppDelegate.swift in Sources */,
				CF8F49DA2592539B00FA27E0 /* Notas2.xcdatamodeld in Sources */,
				CF8F49EB259253D600FA27E0 /* Home.swift in Sources */,
				CF8F49F1259253FA00FA27E0 /* Modelo.swift in Sources */,
				CF8F49EE259253E700FA27E0 /* addView.swift in Sources */,
				CF8F49D22592539B00FA27E0 /* SceneDelegate.swift in Sources */,
			);
			runOnlyForDeploymentPostprocessing = 0;
		};
/* End PBXSourcesBuildPhase section */

/* Begin PBXVariantGroup section */
		CF8F49D52592539B00FA27E0 /* Main.storyboard */ = {
			isa = PBXVariantGroup;
			children = (
				CF8F49D62592539B00FA27E0 /* Base */,
			);
			name = Main.storyboard;
			sourceTree = "<group>";
		};
		CF8F49DD2592539E00FA27E0 /* LaunchScreen.storyboard */ = {
			isa = PBXVariantGroup;
			children = (
				CF8F49DE2592539E00FA27E0 /* Base */,
			);
			name = LaunchScreen.storyboard;
			sourceTree = "<group>";
		};
/* End PBXVariantGroup section */

/* Begin XCBuildConfiguration section */
		CF8F49E12592539E00FA27E0 /* Debug */ = {
			isa = XCBuildConfiguration;
			buildSettings = {
				ALWAYS_SEARCH_USER_PATHS = NO;
				CLANG_ANALYZER_NONNULL = YES;
				CLANG_ANALYZER_NUMBER_OBJECT_CONVERSION = YES_AGGRESSIVE;
				CLANG_CXX_LANGUAGE_STANDARD = "gnu++14";
				CLANG_CXX_LIBRARY = "libc++";
				CLANG_ENABLE_MODULES = YES;
				CLANG_ENABLE_OBJC_ARC = YES;
				CLANG_ENABLE_OBJC_WEAK = YES;
				CLANG_WARN_BLOCK_CAPTURE_AUTORELEASING = YES;
				CLANG_WARN_BOOL_CONVERSION = YES;
				CLANG_WARN_COMMA = YES;
				CLANG_WARN_CONSTANT_CONVERSION = YES;
				CLANG_WARN_DEPRECATED_OBJC_IMPLEMENTATIONS = YES;
				CLANG_WARN_DIRECT_OBJC_ISA_USAGE = YES_ERROR;
				CLANG_WARN_DOCUMENTATION_COMMENTS = YES;
				CLANG_WARN_EMPTY_BODY = YES;
				CLANG_WARN_ENUM_CONVERSION = YES;
				CLANG_WARN_INFINITE_RECURSION = YES;
				CLANG_WARN_INT_CONVERSION = YES;
				CLANG_WARN_NON_LITERAL_NULL_CONVERSION = YES;
				CLANG_WARN_OBJC_IMPLICIT_RETAIN_SELF = YES;
				CLANG_WARN_OBJC_LITERAL_CONVERSION = YES;
				CLANG_WARN_OBJC_ROOT_CLASS = YES_ERROR;
				CLANG_WARN_QUOTED_INCLUDE_IN_FRAMEWORK_HEADER = YES;
				CLANG_WARN_RANGE_LOOP_ANALYSIS = YES;
				CLANG_WARN_STRICT_PROTOTYPES = YES;
				CLANG_WARN_SUSPICIOUS_MOVE = YES;
				CLANG_WARN_UNGUARDED_AVAILABILITY = YES_AGGRESSIVE;
				CLANG_WARN_UNREACHABLE_CODE = YES;
				CLANG_WARN__DUPLICATE_METHOD_MATCH = YES;
				COPY_PHASE_STRIP = NO;
				DEBUG_INFORMATION_FORMAT = dwarf;
				ENABLE_STRICT_OBJC_MSGSEND = YES;
				ENABLE_TESTABILITY = YES;
				GCC_C_LANGUAGE_STANDARD = gnu11;
				GCC_DYNAMIC_NO_PIC = NO;
				GCC_NO_COMMON_BLOCKS = YES;
				GCC_OPTIMIZATION_LEVEL = 0;
				GCC_PREPROCESSOR_DEFINITIONS = (
					"DEBUG=1",
					"$(inherited)",
				);
				GCC_WARN_64_TO_32_BIT_CONVERSION = YES;
				GCC_WARN_ABOUT_RETURN_TYPE = YES_ERROR;
				GCC_WARN_UNDECLARED_SELECTOR = YES;
				GCC_WARN_UNINITIALIZED_AUTOS = YES_AGGRESSIVE;
				GCC_WARN_UNUSED_FUNCTION = YES;
				GCC_WARN_UNUSED_VARIABLE = YES;
				IPHONEOS_DEPLOYMENT_TARGET = 14.3;
				MTL_ENABLE_DEBUG_INFO = INCLUDE_SOURCE;
				MTL_FAST_MATH = YES;
				ONLY_ACTIVE_ARCH = YES;
				SDKROOT = iphoneos;
				SWIFT_ACTIVE_COMPILATION_CONDITIONS = DEBUG;
				SWIFT_OPTIMIZATION_LEVEL = "-Onone";
			};
			name = Debug;
		};
		CF8F49E22592539E00FA27E0 /* Release */ = {
			isa = XCBuildConfiguration;
			buildSettings = {
				ALWAYS_SEARCH_USER_PATHS = NO;
				CLANG_ANALYZER_NONNULL = YES;
				CLANG_ANALYZER_NUMBER_OBJECT_CONVERSION = YES_AGGRESSIVE;
				CLANG_CXX_LANGUAGE_STANDARD = "gnu++14";
				CLANG_CXX_LIBRARY = "libc++";
				CLANG_ENABLE_MODULES = YES;
				CLANG_ENABLE_OBJC_ARC = YES;
				CLANG_ENABLE_OBJC_WEAK = YES;
				CLANG_WARN_BLOCK_CAPTURE_AUTORELEASING = YES;
				CLANG_WARN_BOOL_CONVERSION = YES;
				CLANG_WARN_COMMA = YES;
				CLANG_WARN_CONSTANT_CONVERSION = YES;
				CLANG_WARN_DEPRECATED_OBJC_IMPLEMENTATIONS = YES;
				CLANG_WARN_DIRECT_OBJC_ISA_USAGE = YES_ERROR;
				CLANG_WARN_DOCUMENTATION_COMMENTS = YES;
				CLANG_WARN_EMPTY_BODY = YES;
				CLANG_WARN_ENUM_CONVERSION = YES;
				CLANG_WARN_INFINITE_RECURSION = YES;
				CLANG_WARN_INT_CONVERSION = YES;
				CLANG_WARN_NON_LITERAL_NULL_CONVERSION = YES;
				CLANG_WARN_OBJC_IMPLICIT_RETAIN_SELF = YES;
				CLANG_WARN_OBJC_LITERAL_CONVERSION = YES;
				CLANG_WARN_OBJC_ROOT_CLASS = YES_ERROR;
				CLANG_WARN_QUOTED_INCLUDE_IN_FRAMEWORK_HEADER = YES;
				CLANG_WARN_RANGE_LOOP_ANALYSIS = YES;
				CLANG_WARN_STRICT_PROTOTYPES = YES;
				CLANG_WARN_SUSPICIOUS_MOVE = YES;
				CLANG_WARN_UNGUARDED_AVAILABILITY = YES_AGGRESSIVE;
				CLANG_WARN_UNREACHABLE_CODE = YES;
				CLANG_WARN__DUPLICATE_METHOD_MATCH = YES;
				COPY_PHASE_STRIP = NO;
				DEBUG_INFORMATION_FORMAT = "dwarf-with-dsym";
				ENABLE_NS_ASSERTIONS = NO;
				ENABLE_STRICT_OBJC_MSGSEND = YES;
				GCC_C_LANGUAGE_STANDARD = gnu11;
				GCC_NO_COMMON_BLOCKS = YES;
				GCC_WARN_64_TO_32_BIT_CONVERSION = YES;
				GCC_WARN_ABOUT_RETURN_TYPE = YES_ERROR;
				GCC_WARN_UNDECLARED_SELECTOR = YES;
				GCC_WARN_UNINITIALIZED_AUTOS = YES_AGGRESSIVE;
				GCC_WARN_UNUSED_FUNCTION = YES;
				GCC_WARN_UNUSED_VARIABLE = YES;
				IPHONEOS_DEPLOYMENT_TARGET = 14.3;
				MTL_ENABLE_DEBUG_INFO = NO;
				MTL_FAST_MATH = YES;
				SDKROOT = iphoneos;
				SWIFT_COMPILATION_MODE = wholemodule;
				SWIFT_OPTIMIZATION_LEVEL = "-O";
				VALIDATE_PRODUCT = YES;
			};
			name = Release;
		};
		CF8F49E42592539E00FA27E0 /* Debug */ = {
			isa = XCBuildConfiguration;
			baseConfigurationReference = 7DA086C37C0CF9131ACD8E68 /* Pods-Notas2.debug.xcconfig */;
			buildSettings = {
				ASSETCATALOG_COMPILER_APPICON_NAME = AppIcon;
				ASSETCATALOG_COMPILER_GLOBAL_ACCENT_COLOR_NAME = AccentColor;
				CODE_SIGN_STYLE = Manual;
				DEVELOPMENT_TEAM = "";
				INFOPLIST_FILE = Notas2/Info.plist;
				LD_RUNPATH_SEARCH_PATHS = (
					"$(inherited)",
					"@executable_path/Frameworks",
				);
				PRODUCT_NAME = "$(TARGET_NAME)";
				PROVISIONING_PROFILE_SPECIFIER = "";
				SUPPORTED_PLATFORMS = "iphoneos iphonesimulator";
				SUPPORTS_MACCATALYST = NO;
				SUPPORTS_MAC_DESIGNED_FOR_IPHONE_IPAD = NO;
				SWIFT_VERSION = 5.0;
				TARGETED_DEVICE_FAMILY = 1;
			};
			name = Debug;
		};
		CF8F49E52592539E00FA27E0 /* Release */ = {
			isa = XCBuildConfiguration;
			baseConfigurationReference = 957C68E94ECA03AEAEF80C72 /* Pods-Notas2.release.xcconfig */;
			buildSettings = {
				ASSETCATALOG_COMPILER_APPICON_NAME = AppIcon;
				ASSETCATALOG_COMPILER_GLOBAL_ACCENT_COLOR_NAME = AccentColor;
				CODE_SIGN_STYLE = Manual;
				DEVELOPMENT_TEAM = "";
				INFOPLIST_FILE = Notas2/Info.plist;
				LD_RUNPATH_SEARCH_PATHS = (
					"$(inherited)",
					"@executable_path/Frameworks",
				);
				PRODUCT_NAME = "$(TARGET_NAME)";
				PROVISIONING_PROFILE_SPECIFIER = "";
				SUPPORTED_PLATFORMS = "iphoneos iphonesimulator";
				SUPPORTS_MACCATALYST = NO;
				SUPPORTS_MAC_DESIGNED_FOR_IPHONE_IPAD = NO;
				SWIFT_VERSION = 5.0;
				TARGETED_DEVICE_FAMILY = 1;
			};
			name = Release;
		};
/* End XCBuildConfiguration section */

/* Begin XCConfigurationList section */
		CF8F49C72592539B00FA27E0 /* Build configuration list for PBXProject "Notas2" */ = {
			isa = XCConfigurationList;
			buildConfigurations = (
				CF8F49E12592539E00FA27E0 /* Debug */,
				CF8F49E22592539E00FA27E0 /* Release */,
			);
			defaultConfigurationIsVisible = 0;
			defaultConfigurationName = Release;
		};
		CF8F49E32592539E00FA27E0 /* Build configuration list for PBXNativeTarget "Notas2" */ = {
			isa = XCConfigurationList;
			buildConfigurations = (
				CF8F49E42592539E00FA27E0 /* Debug */,
				CF8F49E52592539E00FA27E0 /* Release */,
			);
			defaultConfigurationIsVisible = 0;
			defaultConfigurationName = Release;
		};
/* End XCConfigurationList section */

/* Begin XCVersionGroup section */
		CF8F49D82592539B00FA27E0 /* Notas2.xcdatamodeld */ = {
			isa = XCVersionGroup;
			children = (
				CF8F49D92592539B00FA27E0 /* Notas2.xcdatamodel */,
			);
			currentVersion = CF8F49D92592539B00FA27E0 /* Notas2.xcdatamodel */;
			path = Notas2.xcdatamodeld;
			sourceTree = "<group>";
			versionGroupType = wrapper.xcdatamodel;
		};
/* End XCVersionGroup section */
	};
	rootObject = CF8F49C42592539B00FA27E0 /* Project object */;
}
